// !$*UTF8*$!
{
	archiveVersion = 1;
	classes = {
	};
	objectVersion = 50;
	objects = {

/* Begin PBXBuildFile section */
		222FBCB62710356F00955854 /* SolutionLessonTwo.swift in Sources */ = {isa = PBXBuildFile; fileRef = 222FBCB52710356F00955854 /* SolutionLessonTwo.swift */; };
		224B451D2714765700C4EFFE /* SolutionLessonFour.swift in Sources */ = {isa = PBXBuildFile; fileRef = 224B451C2714765700C4EFFE /* SolutionLessonFour.swift */; };
		22BE843927135B6C00147C0F /* SolutionLessonThree.swift in Sources */ = {isa = PBXBuildFile; fileRef = 22BE843827135B6C00147C0F /* SolutionLessonThree.swift */; };
		22DA37B426F7574400BB6241 /* main.swift in Sources */ = {isa = PBXBuildFile; fileRef = 22DA37B326F7574400BB6241 /* main.swift */; };
		22DA37BB26F7583E00BB6241 /* SolutionLesssonOne.swift in Sources */ = {isa = PBXBuildFile; fileRef = 22DA37BA26F7583E00BB6241 /* SolutionLesssonOne.swift */; };
		22DA37BD26F7585500BB6241 /* TestFunctions.swift in Sources */ = {isa = PBXBuildFile; fileRef = 22DA37BC26F7585500BB6241 /* TestFunctions.swift */; };
		43108D5029FAD91C0062ED1E /* MobileSchool.swift in Sources */ = {isa = PBXBuildFile; fileRef = 43108D4F29FAD91C0062ED1E /* MobileSchool.swift */; };
		433DF72B28576829006B7D29 /* MobileInternship.swift in Sources */ = {isa = PBXBuildFile; fileRef = 433DF72A28576829006B7D29 /* MobileInternship.swift */; };
		4366A41629FFF36E001EC621 /* Training2023.swift in Sources */ = {isa = PBXBuildFile; fileRef = 4366A41529FFF36E001EC621 /* Training2023.swift */; };
		436AC1542A378B1100D5774D /* TestTask20230612.swift in Sources */ = {isa = PBXBuildFile; fileRef = 436AC1532A378B1100D5774D /* TestTask20230612.swift */; };
		437143CE2919876000A5853A /* YandexCup2022.swift in Sources */ = {isa = PBXBuildFile; fileRef = 437143CD2919876000A5853A /* YandexCup2022.swift */; };
/* End PBXBuildFile section */

/* Begin PBXCopyFilesBuildPhase section */
		22DA37AE26F7574400BB6241 /* CopyFiles */ = {
			isa = PBXCopyFilesBuildPhase;
			buildActionMask = 2147483647;
			dstPath = /usr/share/man/man1/;
			dstSubfolderSpec = 0;
			files = (
			);
			runOnlyForDeploymentPostprocessing = 1;
		};
/* End PBXCopyFilesBuildPhase section */

/* Begin PBXFileReference section */
		222FBCB52710356F00955854 /* SolutionLessonTwo.swift */ = {isa = PBXFileReference; lastKnownFileType = sourcecode.swift; path = SolutionLessonTwo.swift; sourceTree = "<group>"; };
		224B451C2714765700C4EFFE /* SolutionLessonFour.swift */ = {isa = PBXFileReference; lastKnownFileType = sourcecode.swift; path = SolutionLessonFour.swift; sourceTree = "<group>"; };
		22BE843827135B6C00147C0F /* SolutionLessonThree.swift */ = {isa = PBXFileReference; lastKnownFileType = sourcecode.swift; path = SolutionLessonThree.swift; sourceTree = "<group>"; };
		22DA37B026F7574400BB6241 /* YandexTraining */ = {isa = PBXFileReference; explicitFileType = "compiled.mach-o.executable"; includeInIndex = 0; path = YandexTraining; sourceTree = BUILT_PRODUCTS_DIR; };
		22DA37B326F7574400BB6241 /* main.swift */ = {isa = PBXFileReference; lastKnownFileType = sourcecode.swift; path = main.swift; sourceTree = "<group>"; };
		22DA37BA26F7583E00BB6241 /* SolutionLesssonOne.swift */ = {isa = PBXFileReference; lastKnownFileType = sourcecode.swift; path = SolutionLesssonOne.swift; sourceTree = "<group>"; };
		22DA37BC26F7585500BB6241 /* TestFunctions.swift */ = {isa = PBXFileReference; lastKnownFileType = sourcecode.swift; path = TestFunctions.swift; sourceTree = "<group>"; };
		43108D4F29FAD91C0062ED1E /* MobileSchool.swift */ = {isa = PBXFileReference; lastKnownFileType = sourcecode.swift; path = MobileSchool.swift; sourceTree = "<group>"; };
		433DF72A28576829006B7D29 /* MobileInternship.swift */ = {isa = PBXFileReference; lastKnownFileType = sourcecode.swift; path = MobileInternship.swift; sourceTree = "<group>"; };
		4366A41529FFF36E001EC621 /* Training2023.swift */ = {isa = PBXFileReference; lastKnownFileType = sourcecode.swift; path = Training2023.swift; sourceTree = "<group>"; };
		436AC1532A378B1100D5774D /* TestTask20230612.swift */ = {isa = PBXFileReference; lastKnownFileType = sourcecode.swift; path = TestTask20230612.swift; sourceTree = "<group>"; };
		437143CD2919876000A5853A /* YandexCup2022.swift */ = {isa = PBXFileReference; lastKnownFileType = sourcecode.swift; path = YandexCup2022.swift; sourceTree = "<group>"; };
/* End PBXFileReference section */

/* Begin PBXFrameworksBuildPhase section */
		22DA37AD26F7574400BB6241 /* Frameworks */ = {
			isa = PBXFrameworksBuildPhase;
			buildActionMask = 2147483647;
			files = (
			);
			runOnlyForDeploymentPostprocessing = 0;
		};
/* End PBXFrameworksBuildPhase section */

/* Begin PBXGroup section */
		22DA37A726F7574400BB6241 = {
			isa = PBXGroup;
			children = (
				22DA37B226F7574400BB6241 /* YandexTraining */,
				22DA37B126F7574400BB6241 /* Products */,
			);
			sourceTree = "<group>";
		};
		22DA37B126F7574400BB6241 /* Products */ = {
			isa = PBXGroup;
			children = (
				22DA37B026F7574400BB6241 /* YandexTraining */,
			);
			name = Products;
			sourceTree = "<group>";
		};
		22DA37B226F7574400BB6241 /* YandexTraining */ = {
			isa = PBXGroup;
			children = (
				22DA37B326F7574400BB6241 /* main.swift */,
				436AC1532A378B1100D5774D /* TestTask20230612.swift */,
				437143CD2919876000A5853A /* YandexCup2022.swift */,
				22DA37BC26F7585500BB6241 /* TestFunctions.swift */,
				22DA37BA26F7583E00BB6241 /* SolutionLesssonOne.swift */,
				222FBCB52710356F00955854 /* SolutionLessonTwo.swift */,
				22BE843827135B6C00147C0F /* SolutionLessonThree.swift */,
				224B451C2714765700C4EFFE /* SolutionLessonFour.swift */,
				433DF72A28576829006B7D29 /* MobileInternship.swift */,
				43108D4F29FAD91C0062ED1E /* MobileSchool.swift */,
				4366A41529FFF36E001EC621 /* Training2023.swift */,
			);
			path = YandexTraining;
			sourceTree = "<group>";
		};
/* End PBXGroup section */

/* Begin PBXNativeTarget section */
		22DA37AF26F7574400BB6241 /* YandexTraining */ = {
			isa = PBXNativeTarget;
			buildConfigurationList = 22DA37B726F7574400BB6241 /* Build configuration list for PBXNativeTarget "YandexTraining" */;
			buildPhases = (
				22DA37AC26F7574400BB6241 /* Sources */,
				22DA37AD26F7574400BB6241 /* Frameworks */,
				22DA37AE26F7574400BB6241 /* CopyFiles */,
			);
			buildRules = (
			);
			dependencies = (
			);
			name = YandexTraining;
			productName = YandexTraining;
			productReference = 22DA37B026F7574400BB6241 /* YandexTraining */;
			productType = "com.apple.product-type.tool";
		};
/* End PBXNativeTarget section */

/* Begin PBXProject section */
		22DA37A826F7574400BB6241 /* Project object */ = {
			isa = PBXProject;
			attributes = {
				LastSwiftUpdateCheck = 1250;
				LastUpgradeCheck = 1250;
				TargetAttributes = {
					22DA37AF26F7574400BB6241 = {
						CreatedOnToolsVersion = 12.5;
					};
				};
			};
			buildConfigurationList = 22DA37AB26F7574400BB6241 /* Build configuration list for PBXProject "YandexTraining" */;
			compatibilityVersion = "Xcode 9.3";
			developmentRegion = en;
			hasScannedForEncodings = 0;
			knownRegions = (
				en,
				Base,
			);
			mainGroup = 22DA37A726F7574400BB6241;
			productRefGroup = 22DA37B126F7574400BB6241 /* Products */;
			projectDirPath = "";
			projectRoot = "";
			targets = (
				22DA37AF26F7574400BB6241 /* YandexTraining */,
			);
		};
/* End PBXProject section */

/* Begin PBXSourcesBuildPhase section */
		22DA37AC26F7574400BB6241 /* Sources */ = {
			isa = PBXSourcesBuildPhase;
			buildActionMask = 2147483647;
			files = (
				436AC1542A378B1100D5774D /* TestTask20230612.swift in Sources */,
				4366A41629FFF36E001EC621 /* Training2023.swift in Sources */,
				224B451D2714765700C4EFFE /* SolutionLessonFour.swift in Sources */,
				43108D5029FAD91C0062ED1E /* MobileSchool.swift in Sources */,
				22DA37B426F7574400BB6241 /* main.swift in Sources */,
				433DF72B28576829006B7D29 /* MobileInternship.swift in Sources */,
				222FBCB62710356F00955854 /* SolutionLessonTwo.swift in Sources */,
				22BE843927135B6C00147C0F /* SolutionLessonThree.swift in Sources */,
				437143CE2919876000A5853A /* YandexCup2022.swift in Sources */,
				22DA37BD26F7585500BB6241 /* TestFunctions.swift in Sources */,
				22DA37BB26F7583E00BB6241 /* SolutionLesssonOne.swift in Sources */,
			);
			runOnlyForDeploymentPostprocessing = 0;
		};
/* End PBXSourcesBuildPhase section */

/* Begin XCBuildConfiguration section */
		22DA37B526F7574400BB6241 /* Debug */ = {
			isa = XCBuildConfiguration;
			buildSettings = {
				ALWAYS_SEARCH_USER_PATHS = NO;
				CLANG_ANALYZER_NONNULL = YES;
				CLANG_ANALYZER_NUMBER_OBJECT_CONVERSION = YES_AGGRESSIVE;
				CLANG_CXX_LANGUAGE_STANDARD = "gnu++14";
				CLANG_CXX_LIBRARY = "libc++";
				CLANG_ENABLE_MODULES = YES;
				CLANG_ENABLE_OBJC_ARC = YES;
				CLANG_ENABLE_OBJC_WEAK = YES;
				CLANG_WARN_BLOCK_CAPTURE_AUTORELEASING = YES;
				CLANG_WARN_BOOL_CONVERSION = YES;
				CLANG_WARN_COMMA = YES;
				CLANG_WARN_CONSTANT_CONVERSION = YES;
				CLANG_WARN_DEPRECATED_OBJC_IMPLEMENTATIONS = YES;
				CLANG_WARN_DIRECT_OBJC_ISA_USAGE = YES_ERROR;
				CLANG_WARN_DOCUMENTATION_COMMENTS = YES;
				CLANG_WARN_EMPTY_BODY = YES;
				CLANG_WARN_ENUM_CONVERSION = YES;
				CLANG_WARN_INFINITE_RECURSION = YES;
				CLANG_WARN_INT_CONVERSION = YES;
				CLANG_WARN_NON_LITERAL_NULL_CONVERSION = YES;
				CLANG_WARN_OBJC_IMPLICIT_RETAIN_SELF = YES;
				CLANG_WARN_OBJC_LITERAL_CONVERSION = YES;
				CLANG_WARN_OBJC_ROOT_CLASS = YES_ERROR;
				CLANG_WARN_QUOTED_INCLUDE_IN_FRAMEWORK_HEADER = YES;
				CLANG_WARN_RANGE_LOOP_ANALYSIS = YES;
				CLANG_WARN_STRICT_PROTOTYPES = YES;
				CLANG_WARN_SUSPICIOUS_MOVE = YES;
				CLANG_WARN_UNGUARDED_AVAILABILITY = YES_AGGRESSIVE;
				CLANG_WARN_UNREACHABLE_CODE = YES;
				CLANG_WARN__DUPLICATE_METHOD_MATCH = YES;
				COPY_PHASE_STRIP = NO;
				DEBUG_INFORMATION_FORMAT = dwarf;
				ENABLE_STRICT_OBJC_MSGSEND = YES;
				ENABLE_TESTABILITY = YES;
				GCC_C_LANGUAGE_STANDARD = gnu11;
				GCC_DYNAMIC_NO_PIC = NO;
				GCC_NO_COMMON_BLOCKS = YES;
				GCC_OPTIMIZATION_LEVEL = 0;
				GCC_PREPROCESSOR_DEFINITIONS = (
					"DEBUG=1",
					"$(inherited)",
				);
				GCC_WARN_64_TO_32_BIT_CONVERSION = YES;
				GCC_WARN_ABOUT_RETURN_TYPE = YES_ERROR;
				GCC_WARN_UNDECLARED_SELECTOR = YES;
				GCC_WARN_UNINITIALIZED_AUTOS = YES_AGGRESSIVE;
				GCC_WARN_UNUSED_FUNCTION = YES;
				GCC_WARN_UNUSED_VARIABLE = YES;
				MACOSX_DEPLOYMENT_TARGET = 11.3;
				MTL_ENABLE_DEBUG_INFO = INCLUDE_SOURCE;
				MTL_FAST_MATH = YES;
				ONLY_ACTIVE_ARCH = YES;
				SDKROOT = macosx;
				SWIFT_ACTIVE_COMPILATION_CONDITIONS = DEBUG;
				SWIFT_OPTIMIZATION_LEVEL = "-Onone";
			};
			name = Debug;
		};
		22DA37B626F7574400BB6241 /* Release */ = {
			isa = XCBuildConfiguration;
			buildSettings = {
				ALWAYS_SEARCH_USER_PATHS = NO;
				CLANG_ANALYZER_NONNULL = YES;
				CLANG_ANALYZER_NUMBER_OBJECT_CONVERSION = YES_AGGRESSIVE;
				CLANG_CXX_LANGUAGE_STANDARD = "gnu++14";
				CLANG_CXX_LIBRARY = "libc++";
				CLANG_ENABLE_MODULES = YES;
				CLANG_ENABLE_OBJC_ARC = YES;
				CLANG_ENABLE_OBJC_WEAK = YES;
				CLANG_WARN_BLOCK_CAPTURE_AUTORELEASING = YES;
				CLANG_WARN_BOOL_CONVERSION = YES;
				CLANG_WARN_COMMA = YES;
				CLANG_WARN_CONSTANT_CONVERSION = YES;
				CLANG_WARN_DEPRECATED_OBJC_IMPLEMENTATIONS = YES;
				CLANG_WARN_DIRECT_OBJC_ISA_USAGE = YES_ERROR;
				CLANG_WARN_DOCUMENTATION_COMMENTS = YES;
				CLANG_WARN_EMPTY_BODY = YES;
				CLANG_WARN_ENUM_CONVERSION = YES;
				CLANG_WARN_INFINITE_RECURSION = YES;
				CLANG_WARN_INT_CONVERSION = YES;
				CLANG_WARN_NON_LITERAL_NULL_CONVERSION = YES;
				CLANG_WARN_OBJC_IMPLICIT_RETAIN_SELF = YES;
				CLANG_WARN_OBJC_LITERAL_CONVERSION = YES;
				CLANG_WARN_OBJC_ROOT_CLASS = YES_ERROR;
				CLANG_WARN_QUOTED_INCLUDE_IN_FRAMEWORK_HEADER = YES;
				CLANG_WARN_RANGE_LOOP_ANALYSIS = YES;
				CLANG_WARN_STRICT_PROTOTYPES = YES;
				CLANG_WARN_SUSPICIOUS_MOVE = YES;
				CLANG_WARN_UNGUARDED_AVAILABILITY = YES_AGGRESSIVE;
				CLANG_WARN_UNREACHABLE_CODE = YES;
				CLANG_WARN__DUPLICATE_METHOD_MATCH = YES;
				COPY_PHASE_STRIP = NO;
				DEBUG_INFORMATION_FORMAT = "dwarf-with-dsym";
				ENABLE_NS_ASSERTIONS = NO;
				ENABLE_STRICT_OBJC_MSGSEND = YES;
				GCC_C_LANGUAGE_STANDARD = gnu11;
				GCC_NO_COMMON_BLOCKS = YES;
				GCC_WARN_64_TO_32_BIT_CONVERSION = YES;
				GCC_WARN_ABOUT_RETURN_TYPE = YES_ERROR;
				GCC_WARN_UNDECLARED_SELECTOR = YES;
				GCC_WARN_UNINITIALIZED_AUTOS = YES_AGGRESSIVE;
				GCC_WARN_UNUSED_FUNCTION = YES;
				GCC_WARN_UNUSED_VARIABLE = YES;
				MACOSX_DEPLOYMENT_TARGET = 11.3;
				MTL_ENABLE_DEBUG_INFO = NO;
				MTL_FAST_MATH = YES;
				SDKROOT = macosx;
				SWIFT_COMPILATION_MODE = wholemodule;
				SWIFT_OPTIMIZATION_LEVEL = "-O";
			};
			name = Release;
		};
		22DA37B826F7574400BB6241 /* Debug */ = {
			isa = XCBuildConfiguration;
			buildSettings = {
				CODE_SIGN_STYLE = Automatic;
				PRODUCT_NAME = "$(TARGET_NAME)";
				SWIFT_VERSION = 5.0;
			};
			name = Debug;
		};
		22DA37B926F7574400BB6241 /* Release */ = {
			isa = XCBuildConfiguration;
			buildSettings = {
				CODE_SIGN_STYLE = Automatic;
				PRODUCT_NAME = "$(TARGET_NAME)";
				SWIFT_VERSION = 5.0;
			};
			name = Release;
		};
/* End XCBuildConfiguration section */

/* Begin XCConfigurationList section */
		22DA37AB26F7574400BB6241 /* Build configuration list for PBXProject "YandexTraining" */ = {
			isa = XCConfigurationList;
			buildConfigurations = (
				22DA37B526F7574400BB6241 /* Debug */,
				22DA37B626F7574400BB6241 /* Release */,
			);
			defaultConfigurationIsVisible = 0;
			defaultConfigurationName = Release;
		};
		22DA37B726F7574400BB6241 /* Build configuration list for PBXNativeTarget "YandexTraining" */ = {
			isa = XCConfigurationList;
			buildConfigurations = (
				22DA37B826F7574400BB6241 /* Debug */,
				22DA37B926F7574400BB6241 /* Release */,
			);
			defaultConfigurationIsVisible = 0;
			defaultConfigurationName = Release;
		};
/* End XCConfigurationList section */
	};
	rootObject = 22DA37A826F7574400BB6241 /* Project object */;
}
