// !$*UTF8*$!
{
	archiveVersion = 1;
	classes = {
	};
	objectVersion = 55;
	objects = {

/* Begin PBXBuildFile section */
		43AE0E6F27DE1DC8005EF060 /* AppDelegate.swift in Sources */ = {isa = PBXBuildFile; fileRef = 43AE0E6E27DE1DC8005EF060 /* AppDelegate.swift */; };
		43AE0E7127DE1DC8005EF060 /* SceneDelegate.swift in Sources */ = {isa = PBXBuildFile; fileRef = 43AE0E7027DE1DC8005EF060 /* SceneDelegate.swift */; };
		43AE0E7327DE1DC8005EF060 /* ViewController.swift in Sources */ = {isa = PBXBuildFile; fileRef = 43AE0E7227DE1DC8005EF060 /* ViewController.swift */; };
		43AE0E7827DE1DCA005EF060 /* Assets.xcassets in Resources */ = {isa = PBXBuildFile; fileRef = 43AE0E7727DE1DCA005EF060 /* Assets.xcassets */; };
		43AE0E7B27DE1DCA005EF060 /* LaunchScreen.storyboard in Resources */ = {isa = PBXBuildFile; fileRef = 43AE0E7927DE1DCA005EF060 /* LaunchScreen.storyboard */; };
		43AE0E8727DE5290005EF060 /* PersonCardView.swift in Sources */ = {isa = PBXBuildFile; fileRef = 43AE0E8627DE5290005EF060 /* PersonCardView.swift */; };
		43AE0E8927E08659005EF060 /* PersonCardCell.swift in Sources */ = {isa = PBXBuildFile; fileRef = 43AE0E8827E08659005EF060 /* PersonCardCell.swift */; };
		43AE0E8B27E08683005EF060 /* PersonCardCellModel.swift in Sources */ = {isa = PBXBuildFile; fileRef = 43AE0E8A27E08683005EF060 /* PersonCardCellModel.swift */; };
/* End PBXBuildFile section */

/* Begin PBXFileReference section */
		43AE0E6B27DE1DC8005EF060 /* OnePageForm.app */ = {isa = PBXFileReference; explicitFileType = wrapper.application; includeInIndex = 0; path = OnePageForm.app; sourceTree = BUILT_PRODUCTS_DIR; };
		43AE0E6E27DE1DC8005EF060 /* AppDelegate.swift */ = {isa = PBXFileReference; lastKnownFileType = sourcecode.swift; path = AppDelegate.swift; sourceTree = "<group>"; };
		43AE0E7027DE1DC8005EF060 /* SceneDelegate.swift */ = {isa = PBXFileReference; lastKnownFileType = sourcecode.swift; path = SceneDelegate.swift; sourceTree = "<group>"; };
		43AE0E7227DE1DC8005EF060 /* ViewController.swift */ = {isa = PBXFileReference; lastKnownFileType = sourcecode.swift; path = ViewController.swift; sourceTree = "<group>"; };
		43AE0E7727DE1DCA005EF060 /* Assets.xcassets */ = {isa = PBXFileReference; lastKnownFileType = folder.assetcatalog; path = Assets.xcassets; sourceTree = "<group>"; };
		43AE0E7A27DE1DCA005EF060 /* Base */ = {isa = PBXFileReference; lastKnownFileType = file.storyboard; name = Base; path = Base.lproj/LaunchScreen.storyboard; sourceTree = "<group>"; };
		43AE0E7C27DE1DCA005EF060 /* Info.plist */ = {isa = PBXFileReference; lastKnownFileType = text.plist.xml; path = Info.plist; sourceTree = "<group>"; };
		43AE0E8627DE5290005EF060 /* PersonCardView.swift */ = {isa = PBXFileReference; lastKnownFileType = sourcecode.swift; path = PersonCardView.swift; sourceTree = "<group>"; };
		43AE0E8827E08659005EF060 /* PersonCardCell.swift */ = {isa = PBXFileReference; lastKnownFileType = sourcecode.swift; path = PersonCardCell.swift; sourceTree = "<group>"; };
		43AE0E8A27E08683005EF060 /* PersonCardCellModel.swift */ = {isa = PBXFileReference; lastKnownFileType = sourcecode.swift; path = PersonCardCellModel.swift; sourceTree = "<group>"; };
/* End PBXFileReference section */

/* Begin PBXFrameworksBuildPhase section */
		43AE0E6827DE1DC8005EF060 /* Frameworks */ = {
			isa = PBXFrameworksBuildPhase;
			buildActionMask = 2147483647;
			files = (
			);
			runOnlyForDeploymentPostprocessing = 0;
		};
/* End PBXFrameworksBuildPhase section */

/* Begin PBXGroup section */
		43AE0E6227DE1DC8005EF060 = {
			isa = PBXGroup;
			children = (
				43AE0E6D27DE1DC8005EF060 /* OnePageForm */,
				43AE0E6C27DE1DC8005EF060 /* Products */,
			);
			sourceTree = "<group>";
		};
		43AE0E6C27DE1DC8005EF060 /* Products */ = {
			isa = PBXGroup;
			children = (
				43AE0E6B27DE1DC8005EF060 /* OnePageForm.app */,
			);
			name = Products;
			sourceTree = "<group>";
		};
		43AE0E6D27DE1DC8005EF060 /* OnePageForm */ = {
			isa = PBXGroup;
			children = (
				43AE0E6E27DE1DC8005EF060 /* AppDelegate.swift */,
				43AE0E7027DE1DC8005EF060 /* SceneDelegate.swift */,
				43AE0E7227DE1DC8005EF060 /* ViewController.swift */,
				43AE0E8627DE5290005EF060 /* PersonCardView.swift */,
				43AE0E8827E08659005EF060 /* PersonCardCell.swift */,
				43AE0E8A27E08683005EF060 /* PersonCardCellModel.swift */,
				43AE0E7727DE1DCA005EF060 /* Assets.xcassets */,
				43AE0E7927DE1DCA005EF060 /* LaunchScreen.storyboard */,
				43AE0E7C27DE1DCA005EF060 /* Info.plist */,
			);
			path = OnePageForm;
			sourceTree = "<group>";
		};
/* End PBXGroup section */

/* Begin PBXNativeTarget section */
		43AE0E6A27DE1DC8005EF060 /* OnePageForm */ = {
			isa = PBXNativeTarget;
			buildConfigurationList = 43AE0E7F27DE1DCA005EF060 /* Build configuration list for PBXNativeTarget "OnePageForm" */;
			buildPhases = (
				43AE0E6727DE1DC8005EF060 /* Sources */,
				43AE0E6827DE1DC8005EF060 /* Frameworks */,
				43AE0E6927DE1DC8005EF060 /* Resources */,
			);
			buildRules = (
			);
			dependencies = (
			);
			name = OnePageForm;
			productName = OnePageForm;
			productReference = 43AE0E6B27DE1DC8005EF060 /* OnePageForm.app */;
			productType = "com.apple.product-type.application";
		};
/* End PBXNativeTarget section */

/* Begin PBXProject section */
		43AE0E6327DE1DC8005EF060 /* Project object */ = {
			isa = PBXProject;
			attributes = {
				BuildIndependentTargetsInParallel = 1;
				LastSwiftUpdateCheck = 1320;
				LastUpgradeCheck = 1320;
				TargetAttributes = {
					43AE0E6A27DE1DC8005EF060 = {
						CreatedOnToolsVersion = 13.2.1;
					};
				};
			};
			buildConfigurationList = 43AE0E6627DE1DC8005EF060 /* Build configuration list for PBXProject "OnePageForm" */;
			compatibilityVersion = "Xcode 13.0";
			developmentRegion = en;
			hasScannedForEncodings = 0;
			knownRegions = (
				en,
				Base,
			);
			mainGroup = 43AE0E6227DE1DC8005EF060;
			productRefGroup = 43AE0E6C27DE1DC8005EF060 /* Products */;
			projectDirPath = "";
			projectRoot = "";
			targets = (
				43AE0E6A27DE1DC8005EF060 /* OnePageForm */,
			);
		};
/* End PBXProject section */

/* Begin PBXResourcesBuildPhase section */
		43AE0E6927DE1DC8005EF060 /* Resources */ = {
			isa = PBXResourcesBuildPhase;
			buildActionMask = 2147483647;
			files = (
				43AE0E7B27DE1DCA005EF060 /* LaunchScreen.storyboard in Resources */,
				43AE0E7827DE1DCA005EF060 /* Assets.xcassets in Resources */,
			);
			runOnlyForDeploymentPostprocessing = 0;
		};
/* End PBXResourcesBuildPhase section */

/* Begin PBXSourcesBuildPhase section */
		43AE0E6727DE1DC8005EF060 /* Sources */ = {
			isa = PBXSourcesBuildPhase;
			buildActionMask = 2147483647;
			files = (
				43AE0E8927E08659005EF060 /* PersonCardCell.swift in Sources */,
				43AE0E8727DE5290005EF060 /* PersonCardView.swift in Sources */,
				43AE0E7327DE1DC8005EF060 /* ViewController.swift in Sources */,
				43AE0E8B27E08683005EF060 /* PersonCardCellModel.swift in Sources */,
				43AE0E6F27DE1DC8005EF060 /* AppDelegate.swift in Sources */,
				43AE0E7127DE1DC8005EF060 /* SceneDelegate.swift in Sources */,
			);
			runOnlyForDeploymentPostprocessing = 0;
		};
/* End PBXSourcesBuildPhase section */

/* Begin PBXVariantGroup section */
		43AE0E7927DE1DCA005EF060 /* LaunchScreen.storyboard */ = {
			isa = PBXVariantGroup;
			children = (
				43AE0E7A27DE1DCA005EF060 /* Base */,
			);
			name = LaunchScreen.storyboard;
			sourceTree = "<group>";
		};
/* End PBXVariantGroup section */

/* Begin XCBuildConfiguration section */
		43AE0E7D27DE1DCA005EF060 /* Debug */ = {
			isa = XCBuildConfiguration;
			buildSettings = {
				ALWAYS_SEARCH_USER_PATHS = NO;
				CLANG_ANALYZER_NONNULL = YES;
				CLANG_ANALYZER_NUMBER_OBJECT_CONVERSION = YES_AGGRESSIVE;
				CLANG_CXX_LANGUAGE_STANDARD = "gnu++17";
				CLANG_CXX_LIBRARY = "libc++";
				CLANG_ENABLE_MODULES = YES;
				CLANG_ENABLE_OBJC_ARC = YES;
				CLANG_ENABLE_OBJC_WEAK = YES;
				CLANG_WARN_BLOCK_CAPTURE_AUTORELEASING = YES;
				CLANG_WARN_BOOL_CONVERSION = YES;
				CLANG_WARN_COMMA = YES;
				CLANG_WARN_CONSTANT_CONVERSION = YES;
				CLANG_WARN_DEPRECATED_OBJC_IMPLEMENTATIONS = YES;
				CLANG_WARN_DIRECT_OBJC_ISA_USAGE = YES_ERROR;
				CLANG_WARN_DOCUMENTATION_COMMENTS = YES;
				CLANG_WARN_EMPTY_BODY = YES;
				CLANG_WARN_ENUM_CONVERSION = YES;
				CLANG_WARN_INFINITE_RECURSION = YES;
				CLANG_WARN_INT_CONVERSION = YES;
				CLANG_WARN_NON_LITERAL_NULL_CONVERSION = YES;
				CLANG_WARN_OBJC_IMPLICIT_RETAIN_SELF = YES;
				CLANG_WARN_OBJC_LITERAL_CONVERSION = YES;
				CLANG_WARN_OBJC_ROOT_CLASS = YES_ERROR;
				CLANG_WARN_QUOTED_INCLUDE_IN_FRAMEWORK_HEADER = YES;
				CLANG_WARN_RANGE_LOOP_ANALYSIS = YES;
				CLANG_WARN_STRICT_PROTOTYPES = YES;
				CLANG_WARN_SUSPICIOUS_MOVE = YES;
				CLANG_WARN_UNGUARDED_AVAILABILITY = YES_AGGRESSIVE;
				CLANG_WARN_UNREACHABLE_CODE = YES;
				CLANG_WARN__DUPLICATE_METHOD_MATCH = YES;
				COPY_PHASE_STRIP = NO;
				DEBUG_INFORMATION_FORMAT = dwarf;
				ENABLE_STRICT_OBJC_MSGSEND = YES;
				ENABLE_TESTABILITY = YES;
				GCC_C_LANGUAGE_STANDARD = gnu11;
				GCC_DYNAMIC_NO_PIC = NO;
				GCC_NO_COMMON_BLOCKS = YES;
				GCC_OPTIMIZATION_LEVEL = 0;
				GCC_PREPROCESSOR_DEFINITIONS = (
					"DEBUG=1",
					"$(inherited)",
				);
				GCC_WARN_64_TO_32_BIT_CONVERSION = YES;
				GCC_WARN_ABOUT_RETURN_TYPE = YES_ERROR;
				GCC_WARN_UNDECLARED_SELECTOR = YES;
				GCC_WARN_UNINITIALIZED_AUTOS = YES_AGGRESSIVE;
				GCC_WARN_UNUSED_FUNCTION = YES;
				GCC_WARN_UNUSED_VARIABLE = YES;
				IPHONEOS_DEPLOYMENT_TARGET = 15.2;
				MTL_ENABLE_DEBUG_INFO = INCLUDE_SOURCE;
				MTL_FAST_MATH = YES;
				ONLY_ACTIVE_ARCH = YES;
				SDKROOT = iphoneos;
				SWIFT_ACTIVE_COMPILATION_CONDITIONS = DEBUG;
				SWIFT_OPTIMIZATION_LEVEL = "-Onone";
			};
			name = Debug;
		};
		43AE0E7E27DE1DCA005EF060 /* Release */ = {
			isa = XCBuildConfiguration;
			buildSettings = {
				ALWAYS_SEARCH_USER_PATHS = NO;
				CLANG_ANALYZER_NONNULL = YES;
				CLANG_ANALYZER_NUMBER_OBJECT_CONVERSION = YES_AGGRESSIVE;
				CLANG_CXX_LANGUAGE_STANDARD = "gnu++17";
				CLANG_CXX_LIBRARY = "libc++";
				CLANG_ENABLE_MODULES = YES;
				CLANG_ENABLE_OBJC_ARC = YES;
				CLANG_ENABLE_OBJC_WEAK = YES;
				CLANG_WARN_BLOCK_CAPTURE_AUTORELEASING = YES;
				CLANG_WARN_BOOL_CONVERSION = YES;
				CLANG_WARN_COMMA = YES;
				CLANG_WARN_CONSTANT_CONVERSION = YES;
				CLANG_WARN_DEPRECATED_OBJC_IMPLEMENTATIONS = YES;
				CLANG_WARN_DIRECT_OBJC_ISA_USAGE = YES_ERROR;
				CLANG_WARN_DOCUMENTATION_COMMENTS = YES;
				CLANG_WARN_EMPTY_BODY = YES;
				CLANG_WARN_ENUM_CONVERSION = YES;
				CLANG_WARN_INFINITE_RECURSION = YES;
				CLANG_WARN_INT_CONVERSION = YES;
				CLANG_WARN_NON_LITERAL_NULL_CONVERSION = YES;
				CLANG_WARN_OBJC_IMPLICIT_RETAIN_SELF = YES;
				CLANG_WARN_OBJC_LITERAL_CONVERSION = YES;
				CLANG_WARN_OBJC_ROOT_CLASS = YES_ERROR;
				CLANG_WARN_QUOTED_INCLUDE_IN_FRAMEWORK_HEADER = YES;
				CLANG_WARN_RANGE_LOOP_ANALYSIS = YES;
				CLANG_WARN_STRICT_PROTOTYPES = YES;
				CLANG_WARN_SUSPICIOUS_MOVE = YES;
				CLANG_WARN_UNGUARDED_AVAILABILITY = YES_AGGRESSIVE;
				CLANG_WARN_UNREACHABLE_CODE = YES;
				CLANG_WARN__DUPLICATE_METHOD_MATCH = YES;
				COPY_PHASE_STRIP = NO;
				DEBUG_INFORMATION_FORMAT = "dwarf-with-dsym";
				ENABLE_NS_ASSERTIONS = NO;
				ENABLE_STRICT_OBJC_MSGSEND = YES;
				GCC_C_LANGUAGE_STANDARD = gnu11;
				GCC_NO_COMMON_BLOCKS = YES;
				GCC_WARN_64_TO_32_BIT_CONVERSION = YES;
				GCC_WARN_ABOUT_RETURN_TYPE = YES_ERROR;
				GCC_WARN_UNDECLARED_SELECTOR = YES;
				GCC_WARN_UNINITIALIZED_AUTOS = YES_AGGRESSIVE;
				GCC_WARN_UNUSED_FUNCTION = YES;
				GCC_WARN_UNUSED_VARIABLE = YES;
				IPHONEOS_DEPLOYMENT_TARGET = 15.2;
				MTL_ENABLE_DEBUG_INFO = NO;
				MTL_FAST_MATH = YES;
				SDKROOT = iphoneos;
				SWIFT_COMPILATION_MODE = wholemodule;
				SWIFT_OPTIMIZATION_LEVEL = "-O";
				VALIDATE_PRODUCT = YES;
			};
			name = Release;
		};
		43AE0E8027DE1DCA005EF060 /* Debug */ = {
			isa = XCBuildConfiguration;
			buildSettings = {
				ASSETCATALOG_COMPILER_APPICON_NAME = AppIcon;
				ASSETCATALOG_COMPILER_GLOBAL_ACCENT_COLOR_NAME = AccentColor;
				CODE_SIGN_STYLE = Automatic;
				CURRENT_PROJECT_VERSION = 1;
				GENERATE_INFOPLIST_FILE = YES;
				INFOPLIST_FILE = OnePageForm/Info.plist;
				INFOPLIST_KEY_UIApplicationSupportsIndirectInputEvents = YES;
				INFOPLIST_KEY_UILaunchStoryboardName = LaunchScreen;
				INFOPLIST_KEY_UISupportedInterfaceOrientations_iPad = "UIInterfaceOrientationPortrait UIInterfaceOrientationPortraitUpsideDown UIInterfaceOrientationLandscapeLeft UIInterfaceOrientationLandscapeRight";
				INFOPLIST_KEY_UISupportedInterfaceOrientations_iPhone = "UIInterfaceOrientationPortrait UIInterfaceOrientationLandscapeLeft UIInterfaceOrientationLandscapeRight";
				LD_RUNPATH_SEARCH_PATHS = (
					"$(inherited)",
					"@executable_path/Frameworks",
				);
				MARKETING_VERSION = 1.0;
				PRODUCT_BUNDLE_IDENTIFIER = yo1901.OnePageForm;
				PRODUCT_NAME = "$(TARGET_NAME)";
				SWIFT_EMIT_LOC_STRINGS = YES;
				SWIFT_VERSION = 5.0;
				TARGETED_DEVICE_FAMILY = "1,2";
			};
			name = Debug;
		};
		43AE0E8127DE1DCA005EF060 /* Release */ = {
			isa = XCBuildConfiguration;
			buildSettings = {
				ASSETCATALOG_COMPILER_APPICON_NAME = AppIcon;
				ASSETCATALOG_COMPILER_GLOBAL_ACCENT_COLOR_NAME = AccentColor;
				CODE_SIGN_STYLE = Automatic;
				CURRENT_PROJECT_VERSION = 1;
				GENERATE_INFOPLIST_FILE = YES;
				INFOPLIST_FILE = OnePageForm/Info.plist;
				INFOPLIST_KEY_UIApplicationSupportsIndirectInputEvents = YES;
				INFOPLIST_KEY_UILaunchStoryboardName = LaunchScreen;
				INFOPLIST_KEY_UISupportedInterfaceOrientations_iPad = "UIInterfaceOrientationPortrait UIInterfaceOrientationPortraitUpsideDown UIInterfaceOrientationLandscapeLeft UIInterfaceOrientationLandscapeRight";
				INFOPLIST_KEY_UISupportedInterfaceOrientations_iPhone = "UIInterfaceOrientationPortrait UIInterfaceOrientationLandscapeLeft UIInterfaceOrientationLandscapeRight";
				LD_RUNPATH_SEARCH_PATHS = (
					"$(inherited)",
					"@executable_path/Frameworks",
				);
				MARKETING_VERSION = 1.0;
				PRODUCT_BUNDLE_IDENTIFIER = yo1901.OnePageForm;
				PRODUCT_NAME = "$(TARGET_NAME)";
				SWIFT_EMIT_LOC_STRINGS = YES;
				SWIFT_VERSION = 5.0;
				TARGETED_DEVICE_FAMILY = "1,2";
			};
			name = Release;
		};
/* End XCBuildConfiguration section */

/* Begin XCConfigurationList section */
		43AE0E6627DE1DC8005EF060 /* Build configuration list for PBXProject "OnePageForm" */ = {
			isa = XCConfigurationList;
			buildConfigurations = (
				43AE0E7D27DE1DCA005EF060 /* Debug */,
				43AE0E7E27DE1DCA005EF060 /* Release */,
			);
			defaultConfigurationIsVisible = 0;
			defaultConfigurationName = Release;
		};
		43AE0E7F27DE1DCA005EF060 /* Build configuration list for PBXNativeTarget "OnePageForm" */ = {
			isa = XCConfigurationList;
			buildConfigurations = (
				43AE0E8027DE1DCA005EF060 /* Debug */,
				43AE0E8127DE1DCA005EF060 /* Release */,
			);
			defaultConfigurationIsVisible = 0;
			defaultConfigurationName = Release;
		};
/* End XCConfigurationList section */
	};
	rootObject = 43AE0E6327DE1DC8005EF060 /* Project object */;
}
