// !$*UTF8*$!
{
	archiveVersion = 1;
	classes = {
	};
	objectVersion = 50;
	objects = {

/* Begin PBXBuildFile section */
		A666944D26CB1F85001E1EA3 /* AppDelegate.swift in Sources */ = {isa = PBXBuildFile; fileRef = A666944C26CB1F85001E1EA3 /* AppDelegate.swift */; };
		A666944F26CB1F85001E1EA3 /* SceneDelegate.swift in Sources */ = {isa = PBXBuildFile; fileRef = A666944E26CB1F85001E1EA3 /* SceneDelegate.swift */; };
		A666945126CB1F85001E1EA3 /* ViewController.swift in Sources */ = {isa = PBXBuildFile; fileRef = A666945026CB1F85001E1EA3 /* ViewController.swift */; };
		A666945426CB1F85001E1EA3 /* Main.storyboard in Resources */ = {isa = PBXBuildFile; fileRef = A666945226CB1F85001E1EA3 /* Main.storyboard */; };
		A666945626CB1F86001E1EA3 /* Assets.xcassets in Resources */ = {isa = PBXBuildFile; fileRef = A666945526CB1F86001E1EA3 /* Assets.xcassets */; };
		A666945926CB1F86001E1EA3 /* LaunchScreen.storyboard in Resources */ = {isa = PBXBuildFile; fileRef = A666945726CB1F86001E1EA3 /* LaunchScreen.storyboard */; };
		A666946126CC71A2001E1EA3 /* NetworkNewsManager.swift in Sources */ = {isa = PBXBuildFile; fileRef = A666946026CC71A2001E1EA3 /* NetworkNewsManager.swift */; };
		A666946826CC7365001E1EA3 /* Constants.swift in Sources */ = {isa = PBXBuildFile; fileRef = A666946726CC7365001E1EA3 /* Constants.swift */; };
		A666946A26CF0F7F001E1EA3 /* NewsTableViewCell.swift in Sources */ = {isa = PBXBuildFile; fileRef = A666946926CF0F7F001E1EA3 /* NewsTableViewCell.swift */; };
/* End PBXBuildFile section */

/* Begin PBXFileReference section */
		A666944926CB1F85001E1EA3 /* JustNews.app */ = {isa = PBXFileReference; explicitFileType = wrapper.application; includeInIndex = 0; path = JustNews.app; sourceTree = BUILT_PRODUCTS_DIR; };
		A666944C26CB1F85001E1EA3 /* AppDelegate.swift */ = {isa = PBXFileReference; lastKnownFileType = sourcecode.swift; path = AppDelegate.swift; sourceTree = "<group>"; };
		A666944E26CB1F85001E1EA3 /* SceneDelegate.swift */ = {isa = PBXFileReference; lastKnownFileType = sourcecode.swift; path = SceneDelegate.swift; sourceTree = "<group>"; };
		A666945026CB1F85001E1EA3 /* ViewController.swift */ = {isa = PBXFileReference; lastKnownFileType = sourcecode.swift; path = ViewController.swift; sourceTree = "<group>"; };
		A666945326CB1F85001E1EA3 /* Base */ = {isa = PBXFileReference; lastKnownFileType = file.storyboard; name = Base; path = Base.lproj/Main.storyboard; sourceTree = "<group>"; };
		A666945526CB1F86001E1EA3 /* Assets.xcassets */ = {isa = PBXFileReference; lastKnownFileType = folder.assetcatalog; path = Assets.xcassets; sourceTree = "<group>"; };
		A666945826CB1F86001E1EA3 /* Base */ = {isa = PBXFileReference; lastKnownFileType = file.storyboard; name = Base; path = Base.lproj/LaunchScreen.storyboard; sourceTree = "<group>"; };
		A666945A26CB1F86001E1EA3 /* Info.plist */ = {isa = PBXFileReference; lastKnownFileType = text.plist.xml; path = Info.plist; sourceTree = "<group>"; };
		A666946026CC71A2001E1EA3 /* NetworkNewsManager.swift */ = {isa = PBXFileReference; lastKnownFileType = sourcecode.swift; path = NetworkNewsManager.swift; sourceTree = "<group>"; };
		A666946726CC7365001E1EA3 /* Constants.swift */ = {isa = PBXFileReference; lastKnownFileType = sourcecode.swift; path = Constants.swift; sourceTree = "<group>"; };
		A666946926CF0F7F001E1EA3 /* NewsTableViewCell.swift */ = {isa = PBXFileReference; lastKnownFileType = sourcecode.swift; path = NewsTableViewCell.swift; sourceTree = "<group>"; };
/* End PBXFileReference section */

/* Begin PBXFrameworksBuildPhase section */
		A666944626CB1F85001E1EA3 /* Frameworks */ = {
			isa = PBXFrameworksBuildPhase;
			buildActionMask = 2147483647;
			files = (
			);
			runOnlyForDeploymentPostprocessing = 0;
		};
/* End PBXFrameworksBuildPhase section */

/* Begin PBXGroup section */
		A666944026CB1F85001E1EA3 = {
			isa = PBXGroup;
			children = (
				A666944B26CB1F85001E1EA3 /* JustNews */,
				A666944A26CB1F85001E1EA3 /* Products */,
			);
			sourceTree = "<group>";
		};
		A666944A26CB1F85001E1EA3 /* Products */ = {
			isa = PBXGroup;
			children = (
				A666944926CB1F85001E1EA3 /* JustNews.app */,
			);
			name = Products;
			sourceTree = "<group>";
		};
		A666944B26CB1F85001E1EA3 /* JustNews */ = {
			isa = PBXGroup;
			children = (
				A666946326CC72A2001E1EA3 /* Views */,
				A666946426CC72AE001E1EA3 /* Models */,
				A666946526CC72B7001E1EA3 /* View Controllers */,
				A666946626CC72C6001E1EA3 /* Supporting Files */,
			);
			path = JustNews;
			sourceTree = "<group>";
		};
		A666946326CC72A2001E1EA3 /* Views */ = {
			isa = PBXGroup;
			children = (
				A666945226CB1F85001E1EA3 /* Main.storyboard */,
				A666945726CB1F86001E1EA3 /* LaunchScreen.storyboard */,
			);
			path = Views;
			sourceTree = "<group>";
		};
		A666946426CC72AE001E1EA3 /* Models */ = {
			isa = PBXGroup;
			children = (
				A666946026CC71A2001E1EA3 /* NetworkNewsManager.swift */,
				A666946926CF0F7F001E1EA3 /* NewsTableViewCell.swift */,
			);
			path = Models;
			sourceTree = "<group>";
		};
		A666946526CC72B7001E1EA3 /* View Controllers */ = {
			isa = PBXGroup;
			children = (
				A666945026CB1F85001E1EA3 /* ViewController.swift */,
			);
			path = "View Controllers";
			sourceTree = "<group>";
		};
		A666946626CC72C6001E1EA3 /* Supporting Files */ = {
			isa = PBXGroup;
			children = (
				A666946726CC7365001E1EA3 /* Constants.swift */,
				A666944C26CB1F85001E1EA3 /* AppDelegate.swift */,
				A666944E26CB1F85001E1EA3 /* SceneDelegate.swift */,
				A666945526CB1F86001E1EA3 /* Assets.xcassets */,
				A666945A26CB1F86001E1EA3 /* Info.plist */,
			);
			path = "Supporting Files";
			sourceTree = "<group>";
		};
/* End PBXGroup section */

/* Begin PBXNativeTarget section */
		A666944826CB1F85001E1EA3 /* JustNews */ = {
			isa = PBXNativeTarget;
			buildConfigurationList = A666945D26CB1F86001E1EA3 /* Build configuration list for PBXNativeTarget "JustNews" */;
			buildPhases = (
				A666944526CB1F85001E1EA3 /* Sources */,
				A666944626CB1F85001E1EA3 /* Frameworks */,
				A666944726CB1F85001E1EA3 /* Resources */,
			);
			buildRules = (
			);
			dependencies = (
			);
			name = JustNews;
			productName = JustNews;
			productReference = A666944926CB1F85001E1EA3 /* JustNews.app */;
			productType = "com.apple.product-type.application";
		};
/* End PBXNativeTarget section */

/* Begin PBXProject section */
		A666944126CB1F85001E1EA3 /* Project object */ = {
			isa = PBXProject;
			attributes = {
				LastSwiftUpdateCheck = 1250;
				LastUpgradeCheck = 1250;
				TargetAttributes = {
					A666944826CB1F85001E1EA3 = {
						CreatedOnToolsVersion = 12.5;
					};
				};
			};
			buildConfigurationList = A666944426CB1F85001E1EA3 /* Build configuration list for PBXProject "JustNews" */;
			compatibilityVersion = "Xcode 9.3";
			developmentRegion = en;
			hasScannedForEncodings = 0;
			knownRegions = (
				en,
				Base,
			);
			mainGroup = A666944026CB1F85001E1EA3;
			productRefGroup = A666944A26CB1F85001E1EA3 /* Products */;
			projectDirPath = "";
			projectRoot = "";
			targets = (
				A666944826CB1F85001E1EA3 /* JustNews */,
			);
		};
/* End PBXProject section */

/* Begin PBXResourcesBuildPhase section */
		A666944726CB1F85001E1EA3 /* Resources */ = {
			isa = PBXResourcesBuildPhase;
			buildActionMask = 2147483647;
			files = (
				A666945926CB1F86001E1EA3 /* LaunchScreen.storyboard in Resources */,
				A666945626CB1F86001E1EA3 /* Assets.xcassets in Resources */,
				A666945426CB1F85001E1EA3 /* Main.storyboard in Resources */,
			);
			runOnlyForDeploymentPostprocessing = 0;
		};
/* End PBXResourcesBuildPhase section */

/* Begin PBXSourcesBuildPhase section */
		A666944526CB1F85001E1EA3 /* Sources */ = {
			isa = PBXSourcesBuildPhase;
			buildActionMask = 2147483647;
			files = (
				A666946826CC7365001E1EA3 /* Constants.swift in Sources */,
				A666945126CB1F85001E1EA3 /* ViewController.swift in Sources */,
				A666946A26CF0F7F001E1EA3 /* NewsTableViewCell.swift in Sources */,
				A666946126CC71A2001E1EA3 /* NetworkNewsManager.swift in Sources */,
				A666944D26CB1F85001E1EA3 /* AppDelegate.swift in Sources */,
				A666944F26CB1F85001E1EA3 /* SceneDelegate.swift in Sources */,
			);
			runOnlyForDeploymentPostprocessing = 0;
		};
/* End PBXSourcesBuildPhase section */

/* Begin PBXVariantGroup section */
		A666945226CB1F85001E1EA3 /* Main.storyboard */ = {
			isa = PBXVariantGroup;
			children = (
				A666945326CB1F85001E1EA3 /* Base */,
			);
			name = Main.storyboard;
			sourceTree = "<group>";
		};
		A666945726CB1F86001E1EA3 /* LaunchScreen.storyboard */ = {
			isa = PBXVariantGroup;
			children = (
				A666945826CB1F86001E1EA3 /* Base */,
			);
			name = LaunchScreen.storyboard;
			sourceTree = "<group>";
		};
/* End PBXVariantGroup section */

/* Begin XCBuildConfiguration section */
		A666945B26CB1F86001E1EA3 /* Debug */ = {
			isa = XCBuildConfiguration;
			buildSettings = {
				ALWAYS_SEARCH_USER_PATHS = NO;
				CLANG_ANALYZER_NONNULL = YES;
				CLANG_ANALYZER_NUMBER_OBJECT_CONVERSION = YES_AGGRESSIVE;
				CLANG_CXX_LANGUAGE_STANDARD = "gnu++14";
				CLANG_CXX_LIBRARY = "libc++";
				CLANG_ENABLE_MODULES = YES;
				CLANG_ENABLE_OBJC_ARC = YES;
				CLANG_ENABLE_OBJC_WEAK = YES;
				CLANG_WARN_BLOCK_CAPTURE_AUTORELEASING = YES;
				CLANG_WARN_BOOL_CONVERSION = YES;
				CLANG_WARN_COMMA = YES;
				CLANG_WARN_CONSTANT_CONVERSION = YES;
				CLANG_WARN_DEPRECATED_OBJC_IMPLEMENTATIONS = YES;
				CLANG_WARN_DIRECT_OBJC_ISA_USAGE = YES_ERROR;
				CLANG_WARN_DOCUMENTATION_COMMENTS = YES;
				CLANG_WARN_EMPTY_BODY = YES;
				CLANG_WARN_ENUM_CONVERSION = YES;
				CLANG_WARN_INFINITE_RECURSION = YES;
				CLANG_WARN_INT_CONVERSION = YES;
				CLANG_WARN_NON_LITERAL_NULL_CONVERSION = YES;
				CLANG_WARN_OBJC_IMPLICIT_RETAIN_SELF = YES;
				CLANG_WARN_OBJC_LITERAL_CONVERSION = YES;
				CLANG_WARN_OBJC_ROOT_CLASS = YES_ERROR;
				CLANG_WARN_QUOTED_INCLUDE_IN_FRAMEWORK_HEADER = YES;
				CLANG_WARN_RANGE_LOOP_ANALYSIS = YES;
				CLANG_WARN_STRICT_PROTOTYPES = YES;
				CLANG_WARN_SUSPICIOUS_MOVE = YES;
				CLANG_WARN_UNGUARDED_AVAILABILITY = YES_AGGRESSIVE;
				CLANG_WARN_UNREACHABLE_CODE = YES;
				CLANG_WARN__DUPLICATE_METHOD_MATCH = YES;
				COPY_PHASE_STRIP = NO;
				DEBUG_INFORMATION_FORMAT = dwarf;
				ENABLE_STRICT_OBJC_MSGSEND = YES;
				ENABLE_TESTABILITY = YES;
				GCC_C_LANGUAGE_STANDARD = gnu11;
				GCC_DYNAMIC_NO_PIC = NO;
				GCC_NO_COMMON_BLOCKS = YES;
				GCC_OPTIMIZATION_LEVEL = 0;
				GCC_PREPROCESSOR_DEFINITIONS = (
					"DEBUG=1",
					"$(inherited)",
				);
				GCC_WARN_64_TO_32_BIT_CONVERSION = YES;
				GCC_WARN_ABOUT_RETURN_TYPE = YES_ERROR;
				GCC_WARN_UNDECLARED_SELECTOR = YES;
				GCC_WARN_UNINITIALIZED_AUTOS = YES_AGGRESSIVE;
				GCC_WARN_UNUSED_FUNCTION = YES;
				GCC_WARN_UNUSED_VARIABLE = YES;
				IPHONEOS_DEPLOYMENT_TARGET = 14.5;
				MTL_ENABLE_DEBUG_INFO = INCLUDE_SOURCE;
				MTL_FAST_MATH = YES;
				ONLY_ACTIVE_ARCH = YES;
				SDKROOT = iphoneos;
				SWIFT_ACTIVE_COMPILATION_CONDITIONS = DEBUG;
				SWIFT_OPTIMIZATION_LEVEL = "-Onone";
			};
			name = Debug;
		};
		A666945C26CB1F86001E1EA3 /* Release */ = {
			isa = XCBuildConfiguration;
			buildSettings = {
				ALWAYS_SEARCH_USER_PATHS = NO;
				CLANG_ANALYZER_NONNULL = YES;
				CLANG_ANALYZER_NUMBER_OBJECT_CONVERSION = YES_AGGRESSIVE;
				CLANG_CXX_LANGUAGE_STANDARD = "gnu++14";
				CLANG_CXX_LIBRARY = "libc++";
				CLANG_ENABLE_MODULES = YES;
				CLANG_ENABLE_OBJC_ARC = YES;
				CLANG_ENABLE_OBJC_WEAK = YES;
				CLANG_WARN_BLOCK_CAPTURE_AUTORELEASING = YES;
				CLANG_WARN_BOOL_CONVERSION = YES;
				CLANG_WARN_COMMA = YES;
				CLANG_WARN_CONSTANT_CONVERSION = YES;
				CLANG_WARN_DEPRECATED_OBJC_IMPLEMENTATIONS = YES;
				CLANG_WARN_DIRECT_OBJC_ISA_USAGE = YES_ERROR;
				CLANG_WARN_DOCUMENTATION_COMMENTS = YES;
				CLANG_WARN_EMPTY_BODY = YES;
				CLANG_WARN_ENUM_CONVERSION = YES;
				CLANG_WARN_INFINITE_RECURSION = YES;
				CLANG_WARN_INT_CONVERSION = YES;
				CLANG_WARN_NON_LITERAL_NULL_CONVERSION = YES;
				CLANG_WARN_OBJC_IMPLICIT_RETAIN_SELF = YES;
				CLANG_WARN_OBJC_LITERAL_CONVERSION = YES;
				CLANG_WARN_OBJC_ROOT_CLASS = YES_ERROR;
				CLANG_WARN_QUOTED_INCLUDE_IN_FRAMEWORK_HEADER = YES;
				CLANG_WARN_RANGE_LOOP_ANALYSIS = YES;
				CLANG_WARN_STRICT_PROTOTYPES = YES;
				CLANG_WARN_SUSPICIOUS_MOVE = YES;
				CLANG_WARN_UNGUARDED_AVAILABILITY = YES_AGGRESSIVE;
				CLANG_WARN_UNREACHABLE_CODE = YES;
				CLANG_WARN__DUPLICATE_METHOD_MATCH = YES;
				COPY_PHASE_STRIP = NO;
				DEBUG_INFORMATION_FORMAT = "dwarf-with-dsym";
				ENABLE_NS_ASSERTIONS = NO;
				ENABLE_STRICT_OBJC_MSGSEND = YES;
				GCC_C_LANGUAGE_STANDARD = gnu11;
				GCC_NO_COMMON_BLOCKS = YES;
				GCC_WARN_64_TO_32_BIT_CONVERSION = YES;
				GCC_WARN_ABOUT_RETURN_TYPE = YES_ERROR;
				GCC_WARN_UNDECLARED_SELECTOR = YES;
				GCC_WARN_UNINITIALIZED_AUTOS = YES_AGGRESSIVE;
				GCC_WARN_UNUSED_FUNCTION = YES;
				GCC_WARN_UNUSED_VARIABLE = YES;
				IPHONEOS_DEPLOYMENT_TARGET = 14.5;
				MTL_ENABLE_DEBUG_INFO = NO;
				MTL_FAST_MATH = YES;
				SDKROOT = iphoneos;
				SWIFT_COMPILATION_MODE = wholemodule;
				SWIFT_OPTIMIZATION_LEVEL = "-O";
				VALIDATE_PRODUCT = YES;
			};
			name = Release;
		};
		A666945E26CB1F86001E1EA3 /* Debug */ = {
			isa = XCBuildConfiguration;
			buildSettings = {
				ASSETCATALOG_COMPILER_APPICON_NAME = AppIcon;
				ASSETCATALOG_COMPILER_GLOBAL_ACCENT_COLOR_NAME = AccentColor;
				CODE_SIGN_STYLE = Automatic;
				INFOPLIST_FILE = "JustNews/Supporting Files/Info.plist";
				LD_RUNPATH_SEARCH_PATHS = (
					"$(inherited)",
					"@executable_path/Frameworks",
				);
				PRODUCT_BUNDLE_IDENTIFIER = YO1901.JustNews;
				PRODUCT_NAME = "$(TARGET_NAME)";
				SWIFT_VERSION = 5.0;
				TARGETED_DEVICE_FAMILY = "1,2";
			};
			name = Debug;
		};
		A666945F26CB1F86001E1EA3 /* Release */ = {
			isa = XCBuildConfiguration;
			buildSettings = {
				ASSETCATALOG_COMPILER_APPICON_NAME = AppIcon;
				ASSETCATALOG_COMPILER_GLOBAL_ACCENT_COLOR_NAME = AccentColor;
				CODE_SIGN_STYLE = Automatic;
				INFOPLIST_FILE = "JustNews/Supporting Files/Info.plist";
				LD_RUNPATH_SEARCH_PATHS = (
					"$(inherited)",
					"@executable_path/Frameworks",
				);
				PRODUCT_BUNDLE_IDENTIFIER = YO1901.JustNews;
				PRODUCT_NAME = "$(TARGET_NAME)";
				SWIFT_VERSION = 5.0;
				TARGETED_DEVICE_FAMILY = "1,2";
			};
			name = Release;
		};
/* End XCBuildConfiguration section */

/* Begin XCConfigurationList section */
		A666944426CB1F85001E1EA3 /* Build configuration list for PBXProject "JustNews" */ = {
			isa = XCConfigurationList;
			buildConfigurations = (
				A666945B26CB1F86001E1EA3 /* Debug */,
				A666945C26CB1F86001E1EA3 /* Release */,
			);
			defaultConfigurationIsVisible = 0;
			defaultConfigurationName = Release;
		};
		A666945D26CB1F86001E1EA3 /* Build configuration list for PBXNativeTarget "JustNews" */ = {
			isa = XCConfigurationList;
			buildConfigurations = (
				A666945E26CB1F86001E1EA3 /* Debug */,
				A666945F26CB1F86001E1EA3 /* Release */,
			);
			defaultConfigurationIsVisible = 0;
			defaultConfigurationName = Release;
		};
/* End XCConfigurationList section */
	};
	rootObject = A666944126CB1F85001E1EA3 /* Project object */;
}
